{
  "pins" : [
    {
      "identity" : "viewmodel",
      "kind" : "remoteSourceControl",
      "location" : "https://github.com/0xOpenBytes/ViewModel",
      "state" : {
        "revision" : "bbb5d08ea173fb372bf626bb5780dc2de23a8b0c",
        "version" : "0.1.0"
      }
    }
  ],
  "version" : 2
}
